
Microsoft Visual Studio Solution File, Format Version 12.00
# Visual Studio Version 17
VisualStudioVersion = 17.7.34024.191
MinimumVisualStudioVersion = 10.0.40219.1
Project("{FAE04EC0-301F-11D3-BF4B-00C04F79EFBC}") = "uppgift 6.10", "uppgift 6.10\uppgift 6.10.csproj", "{80833B06-B32D-4914-B8AD-741B59BFA133}"
EndProject
Global
	GlobalSection(SolutionConfigurationPlatforms) = preSolution
		Debug|Any CPU = Debug|Any CPU
		Release|Any CPU = Release|Any CPU
	EndGlobalSection
	GlobalSection(ProjectConfigurationPlatforms) = postSolution
		{80833B06-B32D-4914-B8AD-741B59BFA133}.Debug|Any CPU.ActiveCfg = Debug|Any CPU
		{80833B06-B32D-4914-B8AD-741B59BFA133}.Debug|Any CPU.Build.0 = Debug|Any CPU
		{80833B06-B32D-4914-B8AD-741B59BFA133}.Release|Any CPU.ActiveCfg = Release|Any CPU
		{80833B06-B32D-4914-B8AD-741B59BFA133}.Release|Any CPU.Build.0 = Release|Any CPU
	EndGlobalSection
	GlobalSection(SolutionProperties) = preSolution
		HideSolutionNode = FALSE
	EndGlobalSection
	GlobalSection(ExtensibilityGlobals) = postSolution
		SolutionGuid = {3819E8F4-1609-41E8-852E-29697E83D24A}
	EndGlobalSection
EndGlobal
